# This file is generated by running "yarn install" inside your project.
# Manual changes might be lost - proceed with caution!

__metadata:
  version: 4
  cacheKey: 7

"axios@npm:^0.21.1":
  version: 0.21.1
  resolution: "axios@npm:0.21.1"
  dependencies:
    follow-redirects: ^1.10.0
  checksum: 864fb7b5d077d236737f10adca53bf451a93f35a15271f56fba8da07265a02d26b7d881b935a6697dc6adb0549ea3e56d2eecb403edaa3bb78f6479901c10f69
  languageName: node
  linkType: hard

"decode-uri-component@npm:^0.2.0":
  version: 0.2.0
  resolution: "decode-uri-component@npm:0.2.0"
  checksum: d8cb28c33f7b0a70b159b5fa126aee821ba090396689bd46ad2c423c3a658c504d2743ab18060fd5ed1cae5377bdd3632760a8e98ba920ff49637d43dc6a9687
  languageName: node
  linkType: hard

"follow-redirects@npm:^1.10.0":
  version: 1.13.1
  resolution: "follow-redirects@npm:1.13.1"
  peerDependenciesMeta:
    debug:
      optional: true
  checksum: c7c6c905876b939af04a1b27afa70e9c0ab5015d96f5ee49dd80db6952dc8c960b96a229647504468615d8a1a400da9bec9449e2aea9f9c6da6fdca0ba17d4c2
  languageName: node
  linkType: hard

"node-gtrans@workspace:.":
  version: 0.0.0-use.local
  resolution: "node-gtrans@workspace:."
  dependencies:
    axios: ^0.21.1
    query-string: ^6.13.7
    typescript: 4.1.2
  languageName: unknown
  linkType: soft

"query-string@npm:^6.13.7":
  version: 6.13.7
  resolution: "query-string@npm:6.13.7"
  dependencies:
    decode-uri-component: ^0.2.0
    split-on-first: ^1.0.0
    strict-uri-encode: ^2.0.0
  checksum: b6d9ef79b77640456e764dcb427591e6079616141aa68f1dae444387864cbc44f945d766085a1ebef1e0fa1b0f8faa8925a96eaebf933119b97bacc12c5d22e5
  languageName: node
  linkType: hard

"split-on-first@npm:^1.0.0":
  version: 1.1.0
  resolution: "split-on-first@npm:1.1.0"
  checksum: 2ef26fee62665be9547e8035734b856e658b08fd13e70271a2f258147f29d1f18e12b5cb7f7670d83e113c172a9c5fe3d87d9d7c02a1d3d57824818d75d942ab
  languageName: node
  linkType: hard

"strict-uri-encode@npm:^2.0.0":
  version: 2.0.0
  resolution: "strict-uri-encode@npm:2.0.0"
  checksum: 775012e88b9d8dff939d514bf376d615a15e8228a5dd587a94ac3c71fce41aa3635cd808aa796e2c1cd33f3f2fe2fbf89b74ee18a504a1905efa1854311e04bb
  languageName: node
  linkType: hard

typescript@4.1.2:
  version: 4.1.2
  resolution: "typescript@npm:4.1.2"
  bin:
    tsc: bin/tsc
    tsserver: bin/tsserver
  checksum: d2ac373b469e973448c7287d0fbc732dbd34d00d07911b9506bbf81469a80db6613361fc9293d021da357cb7c7da2ee32f56d8ef76446361231374200cd6aee9
  languageName: node
  linkType: hard

"typescript@patch:typescript@4.1.2#builtin<compat/typescript>":
  version: 4.1.2
  resolution: "typescript@patch:typescript@npm%3A4.1.2#builtin<compat/typescript>::version=4.1.2&hash=cc6730"
  bin:
    tsc: bin/tsc
    tsserver: bin/tsserver
  checksum: 001ab09bb8f597aab1ec43476aedb91b5d547749219273c232bf34cf5a2209d18fa782e64475755115f0907598bb9b503f5e1c0fed06c3651cac584fc88a8172
  languageName: node
  linkType: hard
